
Microsoft Visual Studio Solution File, Format Version 12.00
# Visual Studio Version 17
VisualStudioVersion = 17.0.31912.275
MinimumVisualStudioVersion = 10.0.40219.1
Project("{FAE04EC0-301F-11D3-BF4B-00C04F79EFBC}") = "Byte2Dump", "Byte2Dump\Byte2Dump.csproj", "{B3B9BF22-277E-4B51-9FBB-A0121C1D572D}"
EndProject
Global
	GlobalSection(SolutionConfigurationPlatforms) = preSolution
		Debug|Any CPU = Debug|Any CPU
		Release|Any CPU = Release|Any CPU
	EndGlobalSection
	GlobalSection(ProjectConfigurationPlatforms) = postSolution
		{B3B9BF22-277E-4B51-9FBB-A0121C1D572D}.Debug|Any CPU.ActiveCfg = Debug|Any CPU
		{B3B9BF22-277E-4B51-9FBB-A0121C1D572D}.Debug|Any CPU.Build.0 = Debug|Any CPU
		{B3B9BF22-277E-4B51-9FBB-A0121C1D572D}.Release|Any CPU.ActiveCfg = Release|Any CPU
		{B3B9BF22-277E-4B51-9FBB-A0121C1D572D}.Release|Any CPU.Build.0 = Release|Any CPU
	EndGlobalSection
	GlobalSection(SolutionProperties) = preSolution
		HideSolutionNode = FALSE
	EndGlobalSection
	GlobalSection(ExtensibilityGlobals) = postSolution
		SolutionGuid = {4A497E03-C074-4012-AA56-73385EE72AC7}
	EndGlobalSection
EndGlobal
